
Microsoft Visual Studio Solution File, Format Version 12.00
Project("{FAE04EC0-301F-11D3-BF4B-00C04F79EFBC}") = "StayHard", "StayHard\StayHard.csproj", "{35E272E9-C81A-493F-A79E-403C821F9229}"
EndProject
Project("{FAE04EC0-301F-11D3-BF4B-00C04F79EFBC}") = "Stayhard.Tests", "Stayhard.Tests\Stayhard.Tests.csproj", "{51CA6582-B200-41E1-BEAB-BB13A0E74102}"
EndProject
Global
	GlobalSection(SolutionConfigurationPlatforms) = preSolution
		Debug|Any CPU = Debug|Any CPU
		Release|Any CPU = Release|Any CPU
	EndGlobalSection
	GlobalSection(ProjectConfigurationPlatforms) = postSolution
		{35E272E9-C81A-493F-A79E-403C821F9229}.Debug|Any CPU.ActiveCfg = Debug|Any CPU
		{35E272E9-C81A-493F-A79E-403C821F9229}.Debug|Any CPU.Build.0 = Debug|Any CPU
		{35E272E9-C81A-493F-A79E-403C821F9229}.Release|Any CPU.ActiveCfg = Release|Any CPU
		{35E272E9-C81A-493F-A79E-403C821F9229}.Release|Any CPU.Build.0 = Release|Any CPU
		{51CA6582-B200-41E1-BEAB-BB13A0E74102}.Debug|Any CPU.ActiveCfg = Debug|Any CPU
		{51CA6582-B200-41E1-BEAB-BB13A0E74102}.Debug|Any CPU.Build.0 = Debug|Any CPU
		{51CA6582-B200-41E1-BEAB-BB13A0E74102}.Release|Any CPU.ActiveCfg = Release|Any CPU
		{51CA6582-B200-41E1-BEAB-BB13A0E74102}.Release|Any CPU.Build.0 = Release|Any CPU
	EndGlobalSection
EndGlobal
